
Microsoft Visual Studio Solution File, Format Version 12.00
# Visual Studio 15
VisualStudioVersion = 15.0.27130.2036
MinimumVisualStudioVersion = 10.0.40219.1
Project("{FAE04EC0-301F-11D3-BF4B-00C04F79EFBC}") = "ServerAPI", "ServerAPI\ServerAPI.csproj", "{3DCEE9E7-537B-409F-BEAC-83827BA147E0}"
EndProject
Global
	GlobalSection(SolutionConfigurationPlatforms) = preSolution
		Debug|Any CPU = Debug|Any CPU
		Release|Any CPU = Release|Any CPU
	EndGlobalSection
	GlobalSection(ProjectConfigurationPlatforms) = postSolution
		{3DCEE9E7-537B-409F-BEAC-83827BA147E0}.Debug|Any CPU.ActiveCfg = Debug|Any CPU
		{3DCEE9E7-537B-409F-BEAC-83827BA147E0}.Debug|Any CPU.Build.0 = Debug|Any CPU
		{3DCEE9E7-537B-409F-BEAC-83827BA147E0}.Release|Any CPU.ActiveCfg = Release|Any CPU
		{3DCEE9E7-537B-409F-BEAC-83827BA147E0}.Release|Any CPU.Build.0 = Release|Any CPU
	EndGlobalSection
	GlobalSection(SolutionProperties) = preSolution
		HideSolutionNode = FALSE
	EndGlobalSection
	GlobalSection(ExtensibilityGlobals) = postSolution
		SolutionGuid = {E02F99AC-50B7-4324-A027-1ABD0C0D7B0F}
	EndGlobalSection
EndGlobal
